PODS:
  - iOSSnapshotTestCase (8.0.0):
    - iOSSnapshotTestCase/SwiftSupport (= 8.0.0)
  - iOSSnapshotTestCase/Core (8.0.0)
  - iOSSnapshotTestCase/SwiftSupport (8.0.0):
    - iOSSnapshotTestCase/Core
  - Kanvas (1.4.5)

DEPENDENCIES:
  - iOSSnapshotTestCase (= 8.0.0)
  - Kanvas (from `../`)

SPEC REPOS:
  trunk:
    - iOSSnapshotTestCase

EXTERNAL SOURCES:
  Kanvas:
    :path: "../"

SPEC CHECKSUMS:
  iOSSnapshotTestCase: a670511f9ee3829c2b9c23e6e68f315fd7b6790f
  Kanvas: a92290d290888958d3c2b78bae10d87034a988a7

PODFILE CHECKSUM: fdc53cacfa7ab03ea306122ff8e788755ac41de3

COCOAPODS: 1.11.3
