{
  "pins" : [
    {
      "identity" : "tocropviewcontroller",
      "kind" : "remoteSourceControl",
      "location" : "https://github.com/TimOliver/TOCropViewController.git",
      "state" : {
        "branch" : "main",
        "revision" : "a942414508012b13102f776eb65dac655f31cabb"
      }
    }
  ],
  "version" : 2
}
