// !$*UTF8*$!
{
	archiveVersion = 1;
	classes = {
	};
	objectVersion = 51;
	objects = {

/* Begin PBXBuildFile section */
		0E29275F21879C18009E1FCF /* CameraZoomHandlerTests.swift in Sources */ = {isa = PBXBuildFile; fileRef = 0E29275E21879C18009E1FCF /* CameraZoomHandlerTests.swift */; };
		0E5CFADE219F283B00D8F6F5 /* DeviceTests.swift in Sources */ = {isa = PBXBuildFile; fileRef = 0E5CFADD219F283B00D8F6F5 /* DeviceTests.swift */; };
		0E6450B921B5B72B00CB7672 /* IgnoreTouchesCollectionViewTests.swift in Sources */ = {isa = PBXBuildFile; fileRef = 0E6450B821B5B72B00CB7672 /* IgnoreTouchesCollectionViewTests.swift */; };
		0EAE0C7E21387C39004CD7FF /* ModeButtonViewTests.swift in Sources */ = {isa = PBXBuildFile; fileRef = 0EAE0C7D21387C39004CD7FF /* ModeButtonViewTests.swift */; };
		0EAE0C8121387DE3004CD7FF /* ModeSelectorAndShootControllerTests.swift in Sources */ = {isa = PBXBuildFile; fileRef = 0EAE0C7F21387DE3004CD7FF /* ModeSelectorAndShootControllerTests.swift */; };
		0EAE0C8221387DE3004CD7FF /* ModeSelectorAndShootViewTests.swift in Sources */ = {isa = PBXBuildFile; fileRef = 0EAE0C8021387DE3004CD7FF /* ModeSelectorAndShootViewTests.swift */; };
		0EAE0C89213985E8004CD7FF /* CameraSegmentHandlerStub.swift in Sources */ = {isa = PBXBuildFile; fileRef = 0EAE0C88213985E8004CD7FF /* CameraSegmentHandlerStub.swift */; };
		0EAE0C8E2139895A004CD7FF /* CameraInputControllerTests.swift in Sources */ = {isa = PBXBuildFile; fileRef = 0EAE0C8C2139895A004CD7FF /* CameraInputControllerTests.swift */; };
		0EAE0C9921399C86004CD7FF /* CameraViewTests.swift in Sources */ = {isa = PBXBuildFile; fileRef = 0EAE0C9721399C86004CD7FF /* CameraViewTests.swift */; };
		0EAE0C9B21399ED9004CD7FF /* CameraConstantsTests.swift in Sources */ = {isa = PBXBuildFile; fileRef = 0EAE0C9A21399ED9004CD7FF /* CameraConstantsTests.swift */; };
		0EAE0CB12139B966004CD7FF /* CameraPreviewControllerTests.swift in Sources */ = {isa = PBXBuildFile; fileRef = 0EAE0CAF2139B966004CD7FF /* CameraPreviewControllerTests.swift */; };
		0EAE0CB22139B966004CD7FF /* CameraPreviewViewTests.swift in Sources */ = {isa = PBXBuildFile; fileRef = 0EAE0CB02139B966004CD7FF /* CameraPreviewViewTests.swift */; };
		0EAE0CB42139B9B8004CD7FF /* LoadingIndicatorViewTests.swift in Sources */ = {isa = PBXBuildFile; fileRef = 0EAE0CB32139B9B8004CD7FF /* LoadingIndicatorViewTests.swift */; };
		0EAE0CB62139D4F2004CD7FF /* CameraControllerTests.swift in Sources */ = {isa = PBXBuildFile; fileRef = 0EAE0CB52139D4F2004CD7FF /* CameraControllerTests.swift */; };
		0EAE0CB82139EC81004CD7FF /* KanvasCameraAnalyticsStub.swift in Sources */ = {isa = PBXBuildFile; fileRef = 0EAE0CB72139EC81004CD7FF /* KanvasCameraAnalyticsStub.swift */; };
		0EAE0CB92139EC85004CD7FF /* KanvasCameraAnalyticsStub.swift in Sources */ = {isa = PBXBuildFile; fileRef = 0EAE0CB72139EC81004CD7FF /* KanvasCameraAnalyticsStub.swift */; };
		0EBE144E2123727800E9D0C8 /* CameraSettingsTests.swift in Sources */ = {isa = PBXBuildFile; fileRef = 0EBE144D2123727800E9D0C8 /* CameraSettingsTests.swift */; };
		0EDE7A3B216425BD009DB00F /* ExtendedStackViewTests.swift in Sources */ = {isa = PBXBuildFile; fileRef = 0EDE7A3A216425BD009DB00F /* ExtendedStackViewTests.swift */; };
		0EDE7A3D216425C5009DB00F /* ExtendedButtonTests.swift in Sources */ = {isa = PBXBuildFile; fileRef = 0EDE7A3C216425C5009DB00F /* ExtendedButtonTests.swift */; };
		1A82DCEC21E83A81E483CA0A /* Pods_KanvasCameraExample.framework in Frameworks */ = {isa = PBXBuildFile; fileRef = FCEE38E678D0A1C310541517 /* Pods_KanvasCameraExample.framework */; };
		651DEBA72209F17400476F22 /* ConicalGradientLayerTests.swift in Sources */ = {isa = PBXBuildFile; fileRef = 651DEBA62209F17400476F22 /* ConicalGradientLayerTests.swift */; };
		651DEBA92209FC4300476F22 /* RGBATests.swift in Sources */ = {isa = PBXBuildFile; fileRef = 651DEBA82209FC4300476F22 /* RGBATests.swift */; };
		652DFA1722281F00007B1EF5 /* FilterCollectionControllerTests.swift in Sources */ = {isa = PBXBuildFile; fileRef = 652DFA1122281F00007B1EF5 /* FilterCollectionControllerTests.swift */; };
		652DFA1822281F00007B1EF5 /* FilterSettingsControllerTests.swift in Sources */ = {isa = PBXBuildFile; fileRef = 652DFA1222281F00007B1EF5 /* FilterSettingsControllerTests.swift */; };
		652DFA1922281F00007B1EF5 /* FilterSettingsViewTests.swift in Sources */ = {isa = PBXBuildFile; fileRef = 652DFA1322281F00007B1EF5 /* FilterSettingsViewTests.swift */; };
		652DFA1A22281F00007B1EF5 /* FilterItemTests.swift in Sources */ = {isa = PBXBuildFile; fileRef = 652DFA1422281F00007B1EF5 /* FilterItemTests.swift */; };
		652DFA1B22281F00007B1EF5 /* FilterCollectionCellTests.swift in Sources */ = {isa = PBXBuildFile; fileRef = 652DFA1522281F00007B1EF5 /* FilterCollectionCellTests.swift */; };
		652DFA1C22281F00007B1EF5 /* FilterCollectionViewTests.swift in Sources */ = {isa = PBXBuildFile; fileRef = 652DFA1622281F00007B1EF5 /* FilterCollectionViewTests.swift */; };
		65C123A02201E13700562856 /* ImagePreviewControllerTests.swift in Sources */ = {isa = PBXBuildFile; fileRef = 65C1239F2201E13700562856 /* ImagePreviewControllerTests.swift */; };
		764AC467221D8485005C82EC /* FilteredInputViewControllerTests.swift in Sources */ = {isa = PBXBuildFile; fileRef = 764AC466221D8485005C82EC /* FilteredInputViewControllerTests.swift */; };
		764AC46A221D84B5005C82EC /* FilterTests.swift in Sources */ = {isa = PBXBuildFile; fileRef = 764AC469221D84B5005C82EC /* FilterTests.swift */; };
		764AC46C221D84CD005C82EC /* GLPixelBufferViewTests.swift in Sources */ = {isa = PBXBuildFile; fileRef = 764AC46B221D84CD005C82EC /* GLPixelBufferViewTests.swift */; };
		764AC46E221D851B005C82EC /* GLRendererTests.swift in Sources */ = {isa = PBXBuildFile; fileRef = 764AC46D221D851B005C82EC /* GLRendererTests.swift */; };
		764AC470221D8588005C82EC /* ShaderTests.swift in Sources */ = {isa = PBXBuildFile; fileRef = 764AC46F221D8588005C82EC /* ShaderTests.swift */; };
		764AC476221D86A2005C82EC /* GLUTests.swift in Sources */ = {isa = PBXBuildFile; fileRef = 764AC475221D86A2005C82EC /* GLUTests.swift */; };
		764AC4802223E07B005C82EC /* FilterInstancesTests.swift in Sources */ = {isa = PBXBuildFile; fileRef = 764AC47F2223E07B005C82EC /* FilterInstancesTests.swift */; };
		764AC4822223E3CF005C82EC /* FilterFactoryTests.swift in Sources */ = {isa = PBXBuildFile; fileRef = 764AC4812223E3CF005C82EC /* FilterFactoryTests.swift */; };
		7669B5A82230E548000D3EB5 /* UIImage+PixelBufferTests.swift in Sources */ = {isa = PBXBuildFile; fileRef = 7669B5A72230E548000D3EB5 /* UIImage+PixelBufferTests.swift */; };
		7669F2D322337021003F4CCE /* UIImage+color.swift in Sources */ = {isa = PBXBuildFile; fileRef = 7669F2D222337021003F4CCE /* UIImage+color.swift */; };
		76826A0E2208E387009C1789 /* UIImage+FlipLeftMirroredTests.swift in Sources */ = {isa = PBXBuildFile; fileRef = 76826A0B2208E387009C1789 /* UIImage+FlipLeftMirroredTests.swift */; };
		76BC5BAE220CCFF2007A9289 /* Array+MoveTests.swift in Sources */ = {isa = PBXBuildFile; fileRef = 76BC5BAC220CCFF1007A9289 /* Array+MoveTests.swift */; };
		76BC5BAF220CCFF2007A9289 /* ClosedRange+ClampTests.swift in Sources */ = {isa = PBXBuildFile; fileRef = 76BC5BAD220CCFF2007A9289 /* ClosedRange+ClampTests.swift */; };
		76E4D0852277976500CF3B35 /* MediaMetadataTests.swift in Sources */ = {isa = PBXBuildFile; fileRef = 76E4D0842277976500CF3B35 /* MediaMetadataTests.swift */; };
		AB7263E9212CC83B0044ED96 /* KanvasCameraStringsTests.swift in Sources */ = {isa = PBXBuildFile; fileRef = AB7263E5212CC83B0044ED96 /* KanvasCameraStringsTests.swift */; };
		AB7263EA212CC83B0044ED96 /* KanvasCameraImagesTests.swift in Sources */ = {isa = PBXBuildFile; fileRef = AB7263E6212CC83B0044ED96 /* KanvasCameraImagesTests.swift */; };
		AB7263EB212CC83B0044ED96 /* KanvasCameraColorsTests.swift in Sources */ = {isa = PBXBuildFile; fileRef = AB7263E7212CC83B0044ED96 /* KanvasCameraColorsTests.swift */; };
		AB7263EC212CC83B0044ED96 /* KanvasCameraTimesTests.swift in Sources */ = {isa = PBXBuildFile; fileRef = AB7263E8212CC83B0044ED96 /* KanvasCameraTimesTests.swift */; };
		AB7263EF212CCBB30044ED96 /* CameraSegmentHandlerTests.swift in Sources */ = {isa = PBXBuildFile; fileRef = AB7263EE212CCBB30044ED96 /* CameraSegmentHandlerTests.swift */; };
		AB7F29472121F02A00B8D599 /* AppDelegate.swift in Sources */ = {isa = PBXBuildFile; fileRef = AB7F29462121F02A00B8D599 /* AppDelegate.swift */; };
		AB7F29492121F02A00B8D599 /* KanvasCameraExampleViewController.swift in Sources */ = {isa = PBXBuildFile; fileRef = AB7F29482121F02A00B8D599 /* KanvasCameraExampleViewController.swift */; };
		AB7F294C2121F02B00B8D599 /* Main.storyboard in Resources */ = {isa = PBXBuildFile; fileRef = AB7F294A2121F02B00B8D599 /* Main.storyboard */; };
		AB7F294E2121F02C00B8D599 /* Assets.xcassets in Resources */ = {isa = PBXBuildFile; fileRef = AB7F294D2121F02C00B8D599 /* Assets.xcassets */; };
		AB7F29512121F02C00B8D599 /* LaunchScreen.storyboard in Resources */ = {isa = PBXBuildFile; fileRef = AB7F294F2121F02C00B8D599 /* LaunchScreen.storyboard */; };
		AB997EEB212CD07800A346A2 /* sample.mp4 in Resources */ = {isa = PBXBuildFile; fileRef = ABFBDE25212CCDE400E1044C /* sample.mp4 */; };
		AB997EEC212CD07A00A346A2 /* sample.png in Resources */ = {isa = PBXBuildFile; fileRef = ABFBDE26212CCDE500E1044C /* sample.png */; };
		AB9BBC99F2684E7C43CABD6E /* Pods_KanvasCameraExampleTests.framework in Frameworks */ = {isa = PBXBuildFile; fileRef = B049C18133FD4C00FAE1DF75 /* Pods_KanvasCameraExampleTests.framework */; };
		ABE498D62134AA1C00379F7F /* PhotoOutputHandlerTests.swift in Sources */ = {isa = PBXBuildFile; fileRef = ABE498D52134AA1C00379F7F /* PhotoOutputHandlerTests.swift */; };
		ABE498DA2134AD5700379F7F /* GifVideoOutputHandlerTests.swift in Sources */ = {isa = PBXBuildFile; fileRef = ABE498D92134AD5700379F7F /* GifVideoOutputHandlerTests.swift */; };
		ABE498DC2134AEB200379F7F /* VideoOutputHandlerTests.swift in Sources */ = {isa = PBXBuildFile; fileRef = ABE498DB2134AEB200379F7F /* VideoOutputHandlerTests.swift */; };
		ABE498E52136F22400379F7F /* CameraRecorderTests.swift in Sources */ = {isa = PBXBuildFile; fileRef = ABE498E32136F22400379F7F /* CameraRecorderTests.swift */; };
		ABE498E62136F22400379F7F /* CameraRecorderStub.swift in Sources */ = {isa = PBXBuildFile; fileRef = ABE498E42136F22400379F7F /* CameraRecorderStub.swift */; };
		ABE498FA21370DFD00379F7F /* MediaClipsCollectionViewTests.swift in Sources */ = {isa = PBXBuildFile; fileRef = ABE498F621370DFD00379F7F /* MediaClipsCollectionViewTests.swift */; };
		ABE498FB21370DFD00379F7F /* MediaClipTests.swift in Sources */ = {isa = PBXBuildFile; fileRef = ABE498F721370DFD00379F7F /* MediaClipTests.swift */; };
		ABE498FC21370DFD00379F7F /* MediaClipsCollectionControllerTests.swift in Sources */ = {isa = PBXBuildFile; fileRef = ABE498F821370DFD00379F7F /* MediaClipsCollectionControllerTests.swift */; };
		ABE498FD21370DFD00379F7F /* MediaClipsCollectionCellTests.swift in Sources */ = {isa = PBXBuildFile; fileRef = ABE498F921370DFD00379F7F /* MediaClipsCollectionCellTests.swift */; };
		ABE4990021370FAB00379F7F /* MediaClipsEditorViewControllerTests.swift in Sources */ = {isa = PBXBuildFile; fileRef = ABE498FE21370FAB00379F7F /* MediaClipsEditorViewControllerTests.swift */; };
		ABE4990121370FAB00379F7F /* MediaClipsEditorViewTests.swift in Sources */ = {isa = PBXBuildFile; fileRef = ABE498FF21370FAB00379F7F /* MediaClipsEditorViewTests.swift */; };
		ABE49906213712E100379F7F /* OptionsControllerTests.swift in Sources */ = {isa = PBXBuildFile; fileRef = ABE49903213712E100379F7F /* OptionsControllerTests.swift */; };
		ABE49907213712E100379F7F /* OptionsStackViewTests.swift in Sources */ = {isa = PBXBuildFile; fileRef = ABE49904213712E100379F7F /* OptionsStackViewTests.swift */; };
		ABE49908213712E100379F7F /* OptionViewTests.swift in Sources */ = {isa = PBXBuildFile; fileRef = ABE49905213712E100379F7F /* OptionViewTests.swift */; };
		ABE4990C213722D300379F7F /* OptionTests.swift in Sources */ = {isa = PBXBuildFile; fileRef = ABE4990B213722D300379F7F /* OptionTests.swift */; };
		ABE4991E2137307500379F7F /* IgnoreTouchesViewTests.swift in Sources */ = {isa = PBXBuildFile; fileRef = ABE4991C2137307500379F7F /* IgnoreTouchesViewTests.swift */; };
		ABE4991F2137307500379F7F /* QueueTests.swift in Sources */ = {isa = PBXBuildFile; fileRef = ABE4991D2137307500379F7F /* QueueTests.swift */; };
		ABE4992B21375B3700379F7F /* ShootButtonViewTests.swift in Sources */ = {isa = PBXBuildFile; fileRef = ABE4992A21375B3700379F7F /* ShootButtonViewTests.swift */; };
		ABFBDE27212CCDE500E1044C /* sample.mp4 in Resources */ = {isa = PBXBuildFile; fileRef = ABFBDE25212CCDE400E1044C /* sample.mp4 */; };
		ABFBDE28212CCDE500E1044C /* sample.png in Resources */ = {isa = PBXBuildFile; fileRef = ABFBDE26212CCDE500E1044C /* sample.png */; };
		ABFBDE2A212CCF0700E1044C /* CameraSegmentTests.swift in Sources */ = {isa = PBXBuildFile; fileRef = ABFBDE29212CCF0700E1044C /* CameraSegmentTests.swift */; };
/* End PBXBuildFile section */

/* Begin PBXContainerItemProxy section */
		AB7F29612121F0ED00B8D599 /* PBXContainerItemProxy */ = {
			isa = PBXContainerItemProxy;
			containerPortal = AB7F293B2121F02A00B8D599 /* Project object */;
			proxyType = 1;
			remoteGlobalIDString = AB7F29422121F02A00B8D599;
			remoteInfo = KanvasCameraExample;
		};
/* End PBXContainerItemProxy section */

/* Begin PBXFileReference section */
		07DDC249DAB2E1FD27A71D49 /* Pods-KanvasCameraExampleTests.debug.xcconfig */ = {isa = PBXFileReference; includeInIndex = 1; lastKnownFileType = text.xcconfig; name = "Pods-KanvasCameraExampleTests.debug.xcconfig"; path = "Pods/Target Support Files/Pods-KanvasCameraExampleTests/Pods-KanvasCameraExampleTests.debug.xcconfig"; sourceTree = "<group>"; };
		0E29275E21879C18009E1FCF /* CameraZoomHandlerTests.swift */ = {isa = PBXFileReference; lastKnownFileType = sourcecode.swift; path = CameraZoomHandlerTests.swift; sourceTree = "<group>"; };
		0E5CFADD219F283B00D8F6F5 /* DeviceTests.swift */ = {isa = PBXFileReference; lastKnownFileType = sourcecode.swift; path = DeviceTests.swift; sourceTree = "<group>"; };
		0E6450B821B5B72B00CB7672 /* IgnoreTouchesCollectionViewTests.swift */ = {isa = PBXFileReference; lastKnownFileType = sourcecode.swift; path = IgnoreTouchesCollectionViewTests.swift; sourceTree = "<group>"; };
		0EAE0C7D21387C39004CD7FF /* ModeButtonViewTests.swift */ = {isa = PBXFileReference; fileEncoding = 4; lastKnownFileType = sourcecode.swift; path = ModeButtonViewTests.swift; sourceTree = "<group>"; };
		0EAE0C7F21387DE3004CD7FF /* ModeSelectorAndShootControllerTests.swift */ = {isa = PBXFileReference; fileEncoding = 4; lastKnownFileType = sourcecode.swift; path = ModeSelectorAndShootControllerTests.swift; sourceTree = "<group>"; };
		0EAE0C8021387DE3004CD7FF /* ModeSelectorAndShootViewTests.swift */ = {isa = PBXFileReference; fileEncoding = 4; lastKnownFileType = sourcecode.swift; path = ModeSelectorAndShootViewTests.swift; sourceTree = "<group>"; };
		0EAE0C88213985E8004CD7FF /* CameraSegmentHandlerStub.swift */ = {isa = PBXFileReference; fileEncoding = 4; lastKnownFileType = sourcecode.swift; path = CameraSegmentHandlerStub.swift; sourceTree = "<group>"; };
		0EAE0C8C2139895A004CD7FF /* CameraInputControllerTests.swift */ = {isa = PBXFileReference; fileEncoding = 4; lastKnownFileType = sourcecode.swift; path = CameraInputControllerTests.swift; sourceTree = "<group>"; };
		0EAE0C9721399C86004CD7FF /* CameraViewTests.swift */ = {isa = PBXFileReference; fileEncoding = 4; lastKnownFileType = sourcecode.swift; path = CameraViewTests.swift; sourceTree = "<group>"; };
		0EAE0C9A21399ED9004CD7FF /* CameraConstantsTests.swift */ = {isa = PBXFileReference; lastKnownFileType = sourcecode.swift; path = CameraConstantsTests.swift; sourceTree = "<group>"; };
		0EAE0CAF2139B966004CD7FF /* CameraPreviewControllerTests.swift */ = {isa = PBXFileReference; fileEncoding = 4; lastKnownFileType = sourcecode.swift; path = CameraPreviewControllerTests.swift; sourceTree = "<group>"; };
		0EAE0CB02139B966004CD7FF /* CameraPreviewViewTests.swift */ = {isa = PBXFileReference; fileEncoding = 4; lastKnownFileType = sourcecode.swift; path = CameraPreviewViewTests.swift; sourceTree = "<group>"; };
		0EAE0CB32139B9B8004CD7FF /* LoadingIndicatorViewTests.swift */ = {isa = PBXFileReference; fileEncoding = 4; lastKnownFileType = sourcecode.swift; path = LoadingIndicatorViewTests.swift; sourceTree = "<group>"; };
		0EAE0CB52139D4F2004CD7FF /* CameraControllerTests.swift */ = {isa = PBXFileReference; fileEncoding = 4; lastKnownFileType = sourcecode.swift; path = CameraControllerTests.swift; sourceTree = "<group>"; };
		0EAE0CB72139EC81004CD7FF /* KanvasCameraAnalyticsStub.swift */ = {isa = PBXFileReference; fileEncoding = 4; lastKnownFileType = sourcecode.swift; name = KanvasCameraAnalyticsStub.swift; path = KanvasCameraExample/KanvasCameraAnalyticsStub.swift; sourceTree = SOURCE_ROOT; };
		0EBE144D2123727800E9D0C8 /* CameraSettingsTests.swift */ = {isa = PBXFileReference; lastKnownFileType = sourcecode.swift; path = CameraSettingsTests.swift; sourceTree = "<group>"; };
		0EDE7A3A216425BD009DB00F /* ExtendedStackViewTests.swift */ = {isa = PBXFileReference; lastKnownFileType = sourcecode.swift; path = ExtendedStackViewTests.swift; sourceTree = "<group>"; };
		0EDE7A3C216425C5009DB00F /* ExtendedButtonTests.swift */ = {isa = PBXFileReference; lastKnownFileType = sourcecode.swift; path = ExtendedButtonTests.swift; sourceTree = "<group>"; };
		304EF2CB1E9D5F1928A6D805 /* Pods-KanvasCameraExampleUITests.release.xcconfig */ = {isa = PBXFileReference; includeInIndex = 1; lastKnownFileType = text.xcconfig; name = "Pods-KanvasCameraExampleUITests.release.xcconfig"; path = "Pods/Target Support Files/Pods-KanvasCameraExampleUITests/Pods-KanvasCameraExampleUITests.release.xcconfig"; sourceTree = "<group>"; };
		651DEBA62209F17400476F22 /* ConicalGradientLayerTests.swift */ = {isa = PBXFileReference; lastKnownFileType = sourcecode.swift; path = ConicalGradientLayerTests.swift; sourceTree = "<group>"; };
		651DEBA82209FC4300476F22 /* RGBATests.swift */ = {isa = PBXFileReference; lastKnownFileType = sourcecode.swift; path = RGBATests.swift; sourceTree = "<group>"; };
		652DFA1122281F00007B1EF5 /* FilterCollectionControllerTests.swift */ = {isa = PBXFileReference; fileEncoding = 4; lastKnownFileType = sourcecode.swift; path = FilterCollectionControllerTests.swift; sourceTree = "<group>"; };
		652DFA1222281F00007B1EF5 /* FilterSettingsControllerTests.swift */ = {isa = PBXFileReference; fileEncoding = 4; lastKnownFileType = sourcecode.swift; path = FilterSettingsControllerTests.swift; sourceTree = "<group>"; };
		652DFA1322281F00007B1EF5 /* FilterSettingsViewTests.swift */ = {isa = PBXFileReference; fileEncoding = 4; lastKnownFileType = sourcecode.swift; path = FilterSettingsViewTests.swift; sourceTree = "<group>"; };
		652DFA1422281F00007B1EF5 /* FilterItemTests.swift */ = {isa = PBXFileReference; fileEncoding = 4; lastKnownFileType = sourcecode.swift; path = FilterItemTests.swift; sourceTree = "<group>"; };
		652DFA1522281F00007B1EF5 /* FilterCollectionCellTests.swift */ = {isa = PBXFileReference; fileEncoding = 4; lastKnownFileType = sourcecode.swift; path = FilterCollectionCellTests.swift; sourceTree = "<group>"; };
		652DFA1622281F00007B1EF5 /* FilterCollectionViewTests.swift */ = {isa = PBXFileReference; fileEncoding = 4; lastKnownFileType = sourcecode.swift; path = FilterCollectionViewTests.swift; sourceTree = "<group>"; };
		65C1239F2201E13700562856 /* ImagePreviewControllerTests.swift */ = {isa = PBXFileReference; lastKnownFileType = sourcecode.swift; path = ImagePreviewControllerTests.swift; sourceTree = "<group>"; };
		761E012CE7CCF5C5FED281D1 /* Pods-KanvasCameraExampleTests.release.xcconfig */ = {isa = PBXFileReference; includeInIndex = 1; lastKnownFileType = text.xcconfig; name = "Pods-KanvasCameraExampleTests.release.xcconfig"; path = "Pods/Target Support Files/Pods-KanvasCameraExampleTests/Pods-KanvasCameraExampleTests.release.xcconfig"; sourceTree = "<group>"; };
		764AC466221D8485005C82EC /* FilteredInputViewControllerTests.swift */ = {isa = PBXFileReference; lastKnownFileType = sourcecode.swift; path = FilteredInputViewControllerTests.swift; sourceTree = "<group>"; };
		764AC469221D84B5005C82EC /* FilterTests.swift */ = {isa = PBXFileReference; lastKnownFileType = sourcecode.swift; path = FilterTests.swift; sourceTree = "<group>"; };
		764AC46B221D84CD005C82EC /* GLPixelBufferViewTests.swift */ = {isa = PBXFileReference; lastKnownFileType = sourcecode.swift; path = GLPixelBufferViewTests.swift; sourceTree = "<group>"; };
		764AC46D221D851B005C82EC /* GLRendererTests.swift */ = {isa = PBXFileReference; lastKnownFileType = sourcecode.swift; path = GLRendererTests.swift; sourceTree = "<group>"; };
		764AC46F221D8588005C82EC /* ShaderTests.swift */ = {isa = PBXFileReference; lastKnownFileType = sourcecode.swift; path = ShaderTests.swift; sourceTree = "<group>"; };
		764AC475221D86A2005C82EC /* GLUTests.swift */ = {isa = PBXFileReference; lastKnownFileType = sourcecode.swift; path = GLUTests.swift; sourceTree = "<group>"; };
		764AC47F2223E07B005C82EC /* FilterInstancesTests.swift */ = {isa = PBXFileReference; lastKnownFileType = sourcecode.swift; path = FilterInstancesTests.swift; sourceTree = "<group>"; };
		764AC4812223E3CF005C82EC /* FilterFactoryTests.swift */ = {isa = PBXFileReference; lastKnownFileType = sourcecode.swift; path = FilterFactoryTests.swift; sourceTree = "<group>"; };
		7669B5A72230E548000D3EB5 /* UIImage+PixelBufferTests.swift */ = {isa = PBXFileReference; lastKnownFileType = sourcecode.swift; path = "UIImage+PixelBufferTests.swift"; sourceTree = "<group>"; };
		7669F2D222337021003F4CCE /* UIImage+color.swift */ = {isa = PBXFileReference; lastKnownFileType = sourcecode.swift; path = "UIImage+color.swift"; sourceTree = "<group>"; };
		76826A0B2208E387009C1789 /* UIImage+FlipLeftMirroredTests.swift */ = {isa = PBXFileReference; fileEncoding = 4; lastKnownFileType = sourcecode.swift; path = "UIImage+FlipLeftMirroredTests.swift"; sourceTree = "<group>"; };
		76BC5BAC220CCFF1007A9289 /* Array+MoveTests.swift */ = {isa = PBXFileReference; fileEncoding = 4; lastKnownFileType = sourcecode.swift; path = "Array+MoveTests.swift"; sourceTree = "<group>"; };
		76BC5BAD220CCFF2007A9289 /* ClosedRange+ClampTests.swift */ = {isa = PBXFileReference; fileEncoding = 4; lastKnownFileType = sourcecode.swift; path = "ClosedRange+ClampTests.swift"; sourceTree = "<group>"; };
		76E4D0842277976500CF3B35 /* MediaMetadataTests.swift */ = {isa = PBXFileReference; lastKnownFileType = sourcecode.swift; path = MediaMetadataTests.swift; sourceTree = "<group>"; };
		7FD18CF4703E381AA074395F /* Pods-KanvasCameraExampleUITests.debug.xcconfig */ = {isa = PBXFileReference; includeInIndex = 1; lastKnownFileType = text.xcconfig; name = "Pods-KanvasCameraExampleUITests.debug.xcconfig"; path = "Pods/Target Support Files/Pods-KanvasCameraExampleUITests/Pods-KanvasCameraExampleUITests.debug.xcconfig"; sourceTree = "<group>"; };
		A4E5C17CE13C14A294FC20A5 /* libPods-KanvasCameraExampleUITests.a */ = {isa = PBXFileReference; explicitFileType = archive.ar; includeInIndex = 0; path = "libPods-KanvasCameraExampleUITests.a"; sourceTree = BUILT_PRODUCTS_DIR; };
		AB7263E5212CC83B0044ED96 /* KanvasCameraStringsTests.swift */ = {isa = PBXFileReference; fileEncoding = 4; lastKnownFileType = sourcecode.swift; path = KanvasCameraStringsTests.swift; sourceTree = "<group>"; };
		AB7263E6212CC83B0044ED96 /* KanvasCameraImagesTests.swift */ = {isa = PBXFileReference; fileEncoding = 4; lastKnownFileType = sourcecode.swift; path = KanvasCameraImagesTests.swift; sourceTree = "<group>"; };
		AB7263E7212CC83B0044ED96 /* KanvasCameraColorsTests.swift */ = {isa = PBXFileReference; fileEncoding = 4; lastKnownFileType = sourcecode.swift; path = KanvasCameraColorsTests.swift; sourceTree = "<group>"; };
		AB7263E8212CC83B0044ED96 /* KanvasCameraTimesTests.swift */ = {isa = PBXFileReference; fileEncoding = 4; lastKnownFileType = sourcecode.swift; path = KanvasCameraTimesTests.swift; sourceTree = "<group>"; };
		AB7263EE212CCBB30044ED96 /* CameraSegmentHandlerTests.swift */ = {isa = PBXFileReference; fileEncoding = 4; lastKnownFileType = sourcecode.swift; path = CameraSegmentHandlerTests.swift; sourceTree = "<group>"; };
		AB7F29432121F02A00B8D599 /* KanvasCameraExample.app */ = {isa = PBXFileReference; explicitFileType = wrapper.application; includeInIndex = 0; path = KanvasCameraExample.app; sourceTree = BUILT_PRODUCTS_DIR; };
		AB7F29462121F02A00B8D599 /* AppDelegate.swift */ = {isa = PBXFileReference; lastKnownFileType = sourcecode.swift; path = AppDelegate.swift; sourceTree = "<group>"; };
		AB7F29482121F02A00B8D599 /* KanvasCameraExampleViewController.swift */ = {isa = PBXFileReference; lastKnownFileType = sourcecode.swift; path = KanvasCameraExampleViewController.swift; sourceTree = "<group>"; };
		AB7F294B2121F02B00B8D599 /* Base */ = {isa = PBXFileReference; lastKnownFileType = file.storyboard; name = Base; path = Base.lproj/Main.storyboard; sourceTree = "<group>"; };
		AB7F294D2121F02C00B8D599 /* Assets.xcassets */ = {isa = PBXFileReference; lastKnownFileType = folder.assetcatalog; path = Assets.xcassets; sourceTree = "<group>"; };
		AB7F29502121F02C00B8D599 /* Base */ = {isa = PBXFileReference; lastKnownFileType = file.storyboard; name = Base; path = Base.lproj/LaunchScreen.storyboard; sourceTree = "<group>"; };
		AB7F29522121F02C00B8D599 /* Info.plist */ = {isa = PBXFileReference; lastKnownFileType = text.plist.xml; path = Info.plist; sourceTree = "<group>"; };
		AB7F295C2121F0ED00B8D599 /* KanvasCameraExampleTests.xctest */ = {isa = PBXFileReference; explicitFileType = wrapper.cfbundle; includeInIndex = 0; path = KanvasCameraExampleTests.xctest; sourceTree = BUILT_PRODUCTS_DIR; };
		AB7F29602121F0ED00B8D599 /* Info.plist */ = {isa = PBXFileReference; lastKnownFileType = text.plist.xml; path = Info.plist; sourceTree = "<group>"; };
		ABE498D52134AA1C00379F7F /* PhotoOutputHandlerTests.swift */ = {isa = PBXFileReference; fileEncoding = 4; lastKnownFileType = sourcecode.swift; path = PhotoOutputHandlerTests.swift; sourceTree = "<group>"; };
		ABE498D92134AD5700379F7F /* GifVideoOutputHandlerTests.swift */ = {isa = PBXFileReference; fileEncoding = 4; lastKnownFileType = sourcecode.swift; path = GifVideoOutputHandlerTests.swift; sourceTree = "<group>"; };
		ABE498DB2134AEB200379F7F /* VideoOutputHandlerTests.swift */ = {isa = PBXFileReference; fileEncoding = 4; lastKnownFileType = sourcecode.swift; path = VideoOutputHandlerTests.swift; sourceTree = "<group>"; };
		ABE498E32136F22400379F7F /* CameraRecorderTests.swift */ = {isa = PBXFileReference; fileEncoding = 4; lastKnownFileType = sourcecode.swift; path = CameraRecorderTests.swift; sourceTree = "<group>"; };
		ABE498E42136F22400379F7F /* CameraRecorderStub.swift */ = {isa = PBXFileReference; fileEncoding = 4; lastKnownFileType = sourcecode.swift; path = CameraRecorderStub.swift; sourceTree = "<group>"; };
		ABE498F621370DFD00379F7F /* MediaClipsCollectionViewTests.swift */ = {isa = PBXFileReference; fileEncoding = 4; lastKnownFileType = sourcecode.swift; path = MediaClipsCollectionViewTests.swift; sourceTree = "<group>"; };
		ABE498F721370DFD00379F7F /* MediaClipTests.swift */ = {isa = PBXFileReference; fileEncoding = 4; lastKnownFileType = sourcecode.swift; path = MediaClipTests.swift; sourceTree = "<group>"; };
		ABE498F821370DFD00379F7F /* MediaClipsCollectionControllerTests.swift */ = {isa = PBXFileReference; fileEncoding = 4; lastKnownFileType = sourcecode.swift; path = MediaClipsCollectionControllerTests.swift; sourceTree = "<group>"; };
		ABE498F921370DFD00379F7F /* MediaClipsCollectionCellTests.swift */ = {isa = PBXFileReference; fileEncoding = 4; lastKnownFileType = sourcecode.swift; path = MediaClipsCollectionCellTests.swift; sourceTree = "<group>"; };
		ABE498FE21370FAB00379F7F /* MediaClipsEditorViewControllerTests.swift */ = {isa = PBXFileReference; fileEncoding = 4; lastKnownFileType = sourcecode.swift; path = MediaClipsEditorViewControllerTests.swift; sourceTree = "<group>"; };
		ABE498FF21370FAB00379F7F /* MediaClipsEditorViewTests.swift */ = {isa = PBXFileReference; fileEncoding = 4; lastKnownFileType = sourcecode.swift; path = MediaClipsEditorViewTests.swift; sourceTree = "<group>"; };
		ABE49903213712E100379F7F /* OptionsControllerTests.swift */ = {isa = PBXFileReference; fileEncoding = 4; lastKnownFileType = sourcecode.swift; path = OptionsControllerTests.swift; sourceTree = "<group>"; };
		ABE49904213712E100379F7F /* OptionsStackViewTests.swift */ = {isa = PBXFileReference; fileEncoding = 4; lastKnownFileType = sourcecode.swift; path = OptionsStackViewTests.swift; sourceTree = "<group>"; };
		ABE49905213712E100379F7F /* OptionViewTests.swift */ = {isa = PBXFileReference; fileEncoding = 4; lastKnownFileType = sourcecode.swift; path = OptionViewTests.swift; sourceTree = "<group>"; };
		ABE4990B213722D300379F7F /* OptionTests.swift */ = {isa = PBXFileReference; lastKnownFileType = sourcecode.swift; path = OptionTests.swift; sourceTree = "<group>"; };
		ABE4991C2137307500379F7F /* IgnoreTouchesViewTests.swift */ = {isa = PBXFileReference; fileEncoding = 4; lastKnownFileType = sourcecode.swift; path = IgnoreTouchesViewTests.swift; sourceTree = "<group>"; };
		ABE4991D2137307500379F7F /* QueueTests.swift */ = {isa = PBXFileReference; fileEncoding = 4; lastKnownFileType = sourcecode.swift; path = QueueTests.swift; sourceTree = "<group>"; };
		ABE4992A21375B3700379F7F /* ShootButtonViewTests.swift */ = {isa = PBXFileReference; fileEncoding = 4; lastKnownFileType = sourcecode.swift; path = ShootButtonViewTests.swift; sourceTree = "<group>"; };
		ABFBDE25212CCDE400E1044C /* sample.mp4 */ = {isa = PBXFileReference; lastKnownFileType = file; path = sample.mp4; sourceTree = SOURCE_ROOT; };
		ABFBDE26212CCDE500E1044C /* sample.png */ = {isa = PBXFileReference; lastKnownFileType = image.png; path = sample.png; sourceTree = SOURCE_ROOT; };
		ABFBDE29212CCF0700E1044C /* CameraSegmentTests.swift */ = {isa = PBXFileReference; fileEncoding = 4; lastKnownFileType = sourcecode.swift; path = CameraSegmentTests.swift; sourceTree = "<group>"; };
		B049C18133FD4C00FAE1DF75 /* Pods_KanvasCameraExampleTests.framework */ = {isa = PBXFileReference; explicitFileType = wrapper.framework; includeInIndex = 0; path = Pods_KanvasCameraExampleTests.framework; sourceTree = BUILT_PRODUCTS_DIR; };
		F1F6839B40675658A9EB1A05 /* Pods-KanvasCameraExample.release.xcconfig */ = {isa = PBXFileReference; includeInIndex = 1; lastKnownFileType = text.xcconfig; name = "Pods-KanvasCameraExample.release.xcconfig"; path = "Pods/Target Support Files/Pods-KanvasCameraExample/Pods-KanvasCameraExample.release.xcconfig"; sourceTree = "<group>"; };
		F67459CFA8681ADB0C29FF28 /* Pods-KanvasCameraExample.debug.xcconfig */ = {isa = PBXFileReference; includeInIndex = 1; lastKnownFileType = text.xcconfig; name = "Pods-KanvasCameraExample.debug.xcconfig"; path = "Pods/Target Support Files/Pods-KanvasCameraExample/Pods-KanvasCameraExample.debug.xcconfig"; sourceTree = "<group>"; };
		FCEE38E678D0A1C310541517 /* Pods_KanvasCameraExample.framework */ = {isa = PBXFileReference; explicitFileType = wrapper.framework; includeInIndex = 0; path = Pods_KanvasCameraExample.framework; sourceTree = BUILT_PRODUCTS_DIR; };
/* End PBXFileReference section */

/* Begin PBXFrameworksBuildPhase section */
		AB7F29402121F02A00B8D599 /* Frameworks */ = {
			isa = PBXFrameworksBuildPhase;
			buildActionMask = 2147483647;
			files = (
				1A82DCEC21E83A81E483CA0A /* Pods_KanvasCameraExample.framework in Frameworks */,
			);
			runOnlyForDeploymentPostprocessing = 0;
		};
		AB7F29592121F0ED00B8D599 /* Frameworks */ = {
			isa = PBXFrameworksBuildPhase;
			buildActionMask = 2147483647;
			files = (
				AB9BBC99F2684E7C43CABD6E /* Pods_KanvasCameraExampleTests.framework in Frameworks */,
			);
			runOnlyForDeploymentPostprocessing = 0;
		};
/* End PBXFrameworksBuildPhase section */

/* Begin PBXGroup section */
		0EAE0C8A2139895A004CD7FF /* Camera */ = {
			isa = PBXGroup;
			children = (
				0EAE0CB52139D4F2004CD7FF /* CameraControllerTests.swift */,
				0EAE0C9721399C86004CD7FF /* CameraViewTests.swift */,
				0EAE0C8C2139895A004CD7FF /* CameraInputControllerTests.swift */,
				0EAE0C9A21399ED9004CD7FF /* CameraConstantsTests.swift */,
				0E29275E21879C18009E1FCF /* CameraZoomHandlerTests.swift */,
				65C1239F2201E13700562856 /* ImagePreviewControllerTests.swift */,
				764AC466221D8485005C82EC /* FilteredInputViewControllerTests.swift */,
			);
			path = Camera;
			sourceTree = "<group>";
		};
		0EAE0CAE2139B966004CD7FF /* CameraPreview */ = {
			isa = PBXGroup;
			children = (
				0EAE0CAF2139B966004CD7FF /* CameraPreviewControllerTests.swift */,
				0EAE0CB02139B966004CD7FF /* CameraPreviewViewTests.swift */,
				0EAE0CB32139B9B8004CD7FF /* LoadingIndicatorViewTests.swift */,
			);
			path = CameraPreview;
			sourceTree = "<group>";
		};
		0EBE144C2123726B00E9D0C8 /* Settings */ = {
			isa = PBXGroup;
			children = (
				0EBE144D2123727800E9D0C8 /* CameraSettingsTests.swift */,
			);
			path = Settings;
			sourceTree = "<group>";
		};
		105B8076DB787D6E1C259FB6 /* Pods */ = {
			isa = PBXGroup;
			children = (
				F67459CFA8681ADB0C29FF28 /* Pods-KanvasCameraExample.debug.xcconfig */,
				F1F6839B40675658A9EB1A05 /* Pods-KanvasCameraExample.release.xcconfig */,
				07DDC249DAB2E1FD27A71D49 /* Pods-KanvasCameraExampleTests.debug.xcconfig */,
				761E012CE7CCF5C5FED281D1 /* Pods-KanvasCameraExampleTests.release.xcconfig */,
				7FD18CF4703E381AA074395F /* Pods-KanvasCameraExampleUITests.debug.xcconfig */,
				304EF2CB1E9D5F1928A6D805 /* Pods-KanvasCameraExampleUITests.release.xcconfig */,
			);
			name = Pods;
			sourceTree = "<group>";
		};
		652DFA1022281F00007B1EF5 /* Filters */ = {
			isa = PBXGroup;
			children = (
				652DFA1122281F00007B1EF5 /* FilterCollectionControllerTests.swift */,
				652DFA1222281F00007B1EF5 /* FilterSettingsControllerTests.swift */,
				652DFA1322281F00007B1EF5 /* FilterSettingsViewTests.swift */,
				652DFA1422281F00007B1EF5 /* FilterItemTests.swift */,
				652DFA1522281F00007B1EF5 /* FilterCollectionCellTests.swift */,
				652DFA1622281F00007B1EF5 /* FilterCollectionViewTests.swift */,
			);
			path = Filters;
			sourceTree = "<group>";
		};
		764AC463221D83BD005C82EC /* OpenGL */ = {
			isa = PBXGroup;
			children = (
				764AC468221D84A1005C82EC /* Filters */,
				764AC46B221D84CD005C82EC /* GLPixelBufferViewTests.swift */,
				764AC46D221D851B005C82EC /* GLRendererTests.swift */,
				764AC46F221D8588005C82EC /* ShaderTests.swift */,
				764AC47F2223E07B005C82EC /* FilterInstancesTests.swift */,
				764AC4812223E3CF005C82EC /* FilterFactoryTests.swift */,
				764AC475221D86A2005C82EC /* GLUTests.swift */,
			);
			path = OpenGL;
			sourceTree = "<group>";
		};
		764AC468221D84A1005C82EC /* Filters */ = {
			isa = PBXGroup;
			children = (
				764AC469221D84B5005C82EC /* FilterTests.swift */,
			);
			path = Filters;
			sourceTree = "<group>";
		};
		76826A0A2208E387009C1789 /* Extensions */ = {
			isa = PBXGroup;
			children = (
				76BC5BAC220CCFF1007A9289 /* Array+MoveTests.swift */,
				76BC5BAD220CCFF2007A9289 /* ClosedRange+ClampTests.swift */,
				76826A0B2208E387009C1789 /* UIImage+FlipLeftMirroredTests.swift */,
				7669B5A72230E548000D3EB5 /* UIImage+PixelBufferTests.swift */,
			);
			path = Extensions;
			sourceTree = "<group>";
		};
		AB7263E4212CC83B0044ED96 /* Constants */ = {
			isa = PBXGroup;
			children = (
				AB7263E5212CC83B0044ED96 /* KanvasCameraStringsTests.swift */,
				AB7263E6212CC83B0044ED96 /* KanvasCameraImagesTests.swift */,
				AB7263E7212CC83B0044ED96 /* KanvasCameraColorsTests.swift */,
				AB7263E8212CC83B0044ED96 /* KanvasCameraTimesTests.swift */,
			);
			path = Constants;
			sourceTree = "<group>";
		};
		AB7263ED212CCBB30044ED96 /* Recording */ = {
			isa = PBXGroup;
			children = (
				0EAE0C88213985E8004CD7FF /* CameraSegmentHandlerStub.swift */,
				ABE498E42136F22400379F7F /* CameraRecorderStub.swift */,
				ABE498E32136F22400379F7F /* CameraRecorderTests.swift */,
				ABE498DB2134AEB200379F7F /* VideoOutputHandlerTests.swift */,
				ABE498D92134AD5700379F7F /* GifVideoOutputHandlerTests.swift */,
				ABE498D52134AA1C00379F7F /* PhotoOutputHandlerTests.swift */,
				ABFBDE29212CCF0700E1044C /* CameraSegmentTests.swift */,
				AB7263EE212CCBB30044ED96 /* CameraSegmentHandlerTests.swift */,
			);
			path = Recording;
			sourceTree = "<group>";
		};
		AB7F293A2121F02A00B8D599 = {
			isa = PBXGroup;
			children = (
				AB7F29452121F02A00B8D599 /* KanvasCameraExample */,
				AB7F295D2121F0ED00B8D599 /* KanvasCameraExampleTests */,
				AB7F29442121F02A00B8D599 /* Products */,
				105B8076DB787D6E1C259FB6 /* Pods */,
				C15AF1B8DCB328EAA7285428 /* Frameworks */,
			);
			sourceTree = "<group>";
		};
		AB7F29442121F02A00B8D599 /* Products */ = {
			isa = PBXGroup;
			children = (
				AB7F29432121F02A00B8D599 /* KanvasCameraExample.app */,
				AB7F295C2121F0ED00B8D599 /* KanvasCameraExampleTests.xctest */,
			);
			name = Products;
			sourceTree = "<group>";
		};
		AB7F29452121F02A00B8D599 /* KanvasCameraExample */ = {
			isa = PBXGroup;
			children = (
				ABFBDE25212CCDE400E1044C /* sample.mp4 */,
				ABFBDE26212CCDE500E1044C /* sample.png */,
				AB7F29462121F02A00B8D599 /* AppDelegate.swift */,
				AB7F29482121F02A00B8D599 /* KanvasCameraExampleViewController.swift */,
				7669F2D222337021003F4CCE /* UIImage+color.swift */,
				AB7F294A2121F02B00B8D599 /* Main.storyboard */,
				AB7F294D2121F02C00B8D599 /* Assets.xcassets */,
				AB7F294F2121F02C00B8D599 /* LaunchScreen.storyboard */,
				AB7F29522121F02C00B8D599 /* Info.plist */,
			);
			path = KanvasCameraExample;
			sourceTree = "<group>";
		};
		AB7F295D2121F0ED00B8D599 /* KanvasCameraExampleTests */ = {
			isa = PBXGroup;
			children = (
				0EAE0CB72139EC81004CD7FF /* KanvasCameraAnalyticsStub.swift */,
				0EAE0CAE2139B966004CD7FF /* CameraPreview */,
				0EAE0C8A2139895A004CD7FF /* Camera */,
				652DFA1022281F00007B1EF5 /* Filters */,
				ABE4992921375B3700379F7F /* ModeSelector */,
				764AC463221D83BD005C82EC /* OpenGL */,
				ABE4991B2137307500379F7F /* Utility */,
				ABE49902213712E100379F7F /* Options */,
				ABE498F521370DFD00379F7F /* MediaClips */,
				AB7263ED212CCBB30044ED96 /* Recording */,
				AB7263E4212CC83B0044ED96 /* Constants */,
				0EBE144C2123726B00E9D0C8 /* Settings */,
				76826A0A2208E387009C1789 /* Extensions */,
				AB7F29602121F0ED00B8D599 /* Info.plist */,
			);
			path = KanvasCameraExampleTests;
			sourceTree = "<group>";
		};
		ABE498F521370DFD00379F7F /* MediaClips */ = {
			isa = PBXGroup;
			children = (
				ABE498FE21370FAB00379F7F /* MediaClipsEditorViewControllerTests.swift */,
				ABE498FF21370FAB00379F7F /* MediaClipsEditorViewTests.swift */,
				ABE498F621370DFD00379F7F /* MediaClipsCollectionViewTests.swift */,
				ABE498F721370DFD00379F7F /* MediaClipTests.swift */,
				ABE498F821370DFD00379F7F /* MediaClipsCollectionControllerTests.swift */,
				ABE498F921370DFD00379F7F /* MediaClipsCollectionCellTests.swift */,
			);
			path = MediaClips;
			sourceTree = "<group>";
		};
		ABE49902213712E100379F7F /* Options */ = {
			isa = PBXGroup;
			children = (
				ABE49903213712E100379F7F /* OptionsControllerTests.swift */,
				ABE49904213712E100379F7F /* OptionsStackViewTests.swift */,
				ABE49905213712E100379F7F /* OptionViewTests.swift */,
				ABE4990B213722D300379F7F /* OptionTests.swift */,
				0EDE7A3A216425BD009DB00F /* ExtendedStackViewTests.swift */,
				0EDE7A3C216425C5009DB00F /* ExtendedButtonTests.swift */,
			);
			path = Options;
			sourceTree = "<group>";
		};
		ABE4991B2137307500379F7F /* Utility */ = {
			isa = PBXGroup;
			children = (
				ABE4991C2137307500379F7F /* IgnoreTouchesViewTests.swift */,
				ABE4991D2137307500379F7F /* QueueTests.swift */,
				0E5CFADD219F283B00D8F6F5 /* DeviceTests.swift */,
				0E6450B821B5B72B00CB7672 /* IgnoreTouchesCollectionViewTests.swift */,
				651DEBA62209F17400476F22 /* ConicalGradientLayerTests.swift */,
				651DEBA82209FC4300476F22 /* RGBATests.swift */,
				76E4D0842277976500CF3B35 /* MediaMetadataTests.swift */,
			);
			path = Utility;
			sourceTree = "<group>";
		};
		ABE4992921375B3700379F7F /* ModeSelector */ = {
			isa = PBXGroup;
			children = (
				0EAE0C7D21387C39004CD7FF /* ModeButtonViewTests.swift */,
				ABE4992A21375B3700379F7F /* ShootButtonViewTests.swift */,
				0EAE0C7F21387DE3004CD7FF /* ModeSelectorAndShootControllerTests.swift */,
				0EAE0C8021387DE3004CD7FF /* ModeSelectorAndShootViewTests.swift */,
			);
			path = ModeSelector;
			sourceTree = "<group>";
		};
		C15AF1B8DCB328EAA7285428 /* Frameworks */ = {
			isa = PBXGroup;
			children = (
				A4E5C17CE13C14A294FC20A5 /* libPods-KanvasCameraExampleUITests.a */,
				FCEE38E678D0A1C310541517 /* Pods_KanvasCameraExample.framework */,
				B049C18133FD4C00FAE1DF75 /* Pods_KanvasCameraExampleTests.framework */,
			);
			name = Frameworks;
			sourceTree = "<group>";
		};
/* End PBXGroup section */

/* Begin PBXNativeTarget section */
		AB7F29422121F02A00B8D599 /* KanvasCameraExample */ = {
			isa = PBXNativeTarget;
			buildConfigurationList = AB7F29552121F02C00B8D599 /* Build configuration list for PBXNativeTarget "KanvasCameraExample" */;
			buildPhases = (
				C525F6F27716A3975575419A /* [CP] Check Pods Manifest.lock */,
				AB7F293F2121F02A00B8D599 /* Sources */,
				AB7F29402121F02A00B8D599 /* Frameworks */,
				AB7F29412121F02A00B8D599 /* Resources */,
				7BADC7EFC2B159B2A79CC30D /* [CP] Embed Pods Frameworks */,
			);
			buildRules = (
			);
			dependencies = (
			);
			name = KanvasCameraExample;
			productName = KanvasCameraExample;
			productReference = AB7F29432121F02A00B8D599 /* KanvasCameraExample.app */;
			productType = "com.apple.product-type.application";
		};
		AB7F295B2121F0ED00B8D599 /* KanvasCameraExampleTests */ = {
			isa = PBXNativeTarget;
			buildConfigurationList = AB7F29652121F0ED00B8D599 /* Build configuration list for PBXNativeTarget "KanvasCameraExampleTests" */;
			buildPhases = (
				9B52629913251AB792550162 /* [CP] Check Pods Manifest.lock */,
				AB7F29582121F0ED00B8D599 /* Sources */,
				AB7F29592121F0ED00B8D599 /* Frameworks */,
				AB7F295A2121F0ED00B8D599 /* Resources */,
				C7E4F007DFA2D2F5EBF08989 /* [CP] Embed Pods Frameworks */,
			);
			buildRules = (
			);
			dependencies = (
				AB7F29622121F0ED00B8D599 /* PBXTargetDependency */,
			);
			name = KanvasCameraExampleTests;
			productName = KanvasCameraExampleTests;
			productReference = AB7F295C2121F0ED00B8D599 /* KanvasCameraExampleTests.xctest */;
			productType = "com.apple.product-type.bundle.unit-test";
		};
/* End PBXNativeTarget section */

/* Begin PBXProject section */
		AB7F293B2121F02A00B8D599 /* Project object */ = {
			isa = PBXProject;
			attributes = {
				LastSwiftUpdateCheck = 0940;
				LastUpgradeCheck = 0940;
				ORGANIZATIONNAME = Tumblr;
				TargetAttributes = {
					AB7F29422121F02A00B8D599 = {
						CreatedOnToolsVersion = 9.4;
					};
					AB7F295B2121F0ED00B8D599 = {
						CreatedOnToolsVersion = 9.4;
						TestTargetID = AB7F29422121F02A00B8D599;
					};
				};
			};
			buildConfigurationList = AB7F293E2121F02A00B8D599 /* Build configuration list for PBXProject "KanvasCameraExample" */;
			compatibilityVersion = "Xcode 9.3";
			developmentRegion = en;
			hasScannedForEncodings = 0;
			knownRegions = (
				en,
				Base,
			);
			mainGroup = AB7F293A2121F02A00B8D599;
			productRefGroup = AB7F29442121F02A00B8D599 /* Products */;
			projectDirPath = "";
			projectRoot = "";
			targets = (
				AB7F29422121F02A00B8D599 /* KanvasCameraExample */,
				AB7F295B2121F0ED00B8D599 /* KanvasCameraExampleTests */,
			);
		};
/* End PBXProject section */

/* Begin PBXResourcesBuildPhase section */
		AB7F29412121F02A00B8D599 /* Resources */ = {
			isa = PBXResourcesBuildPhase;
			buildActionMask = 2147483647;
			files = (
				AB7F29512121F02C00B8D599 /* LaunchScreen.storyboard in Resources */,
				AB7F294E2121F02C00B8D599 /* Assets.xcassets in Resources */,
				AB7F294C2121F02B00B8D599 /* Main.storyboard in Resources */,
				ABFBDE27212CCDE500E1044C /* sample.mp4 in Resources */,
				ABFBDE28212CCDE500E1044C /* sample.png in Resources */,
			);
			runOnlyForDeploymentPostprocessing = 0;
		};
		AB7F295A2121F0ED00B8D599 /* Resources */ = {
			isa = PBXResourcesBuildPhase;
			buildActionMask = 2147483647;
			files = (
				AB997EEB212CD07800A346A2 /* sample.mp4 in Resources */,
				AB997EEC212CD07A00A346A2 /* sample.png in Resources */,
			);
			runOnlyForDeploymentPostprocessing = 0;
		};
/* End PBXResourcesBuildPhase section */

/* Begin PBXShellScriptBuildPhase section */
		7BADC7EFC2B159B2A79CC30D /* [CP] Embed Pods Frameworks */ = {
			isa = PBXShellScriptBuildPhase;
			buildActionMask = 2147483647;
			files = (
			);
			inputFileListPaths = (
				"${PODS_ROOT}/Target Support Files/Pods-KanvasCameraExample/Pods-KanvasCameraExample-frameworks-${CONFIGURATION}-input-files.xcfilelist",
			);
			name = "[CP] Embed Pods Frameworks";
			outputFileListPaths = (
				"${PODS_ROOT}/Target Support Files/Pods-KanvasCameraExample/Pods-KanvasCameraExample-frameworks-${CONFIGURATION}-output-files.xcfilelist",
			);
			runOnlyForDeploymentPostprocessing = 0;
			shellPath = /bin/sh;
			shellScript = "\"${PODS_ROOT}/Target Support Files/Pods-KanvasCameraExample/Pods-KanvasCameraExample-frameworks.sh\"\n";
			showEnvVarsInLog = 0;
		};
		9B52629913251AB792550162 /* [CP] Check Pods Manifest.lock */ = {
			isa = PBXShellScriptBuildPhase;
			buildActionMask = 2147483647;
			files = (
			);
			inputPaths = (
				"${PODS_PODFILE_DIR_PATH}/Podfile.lock",
				"${PODS_ROOT}/Manifest.lock",
			);
			name = "[CP] Check Pods Manifest.lock";
			outputPaths = (
				"$(DERIVED_FILE_DIR)/Pods-KanvasCameraExampleTests-checkManifestLockResult.txt",
			);
			runOnlyForDeploymentPostprocessing = 0;
			shellPath = /bin/sh;
			shellScript = "diff \"${PODS_PODFILE_DIR_PATH}/Podfile.lock\" \"${PODS_ROOT}/Manifest.lock\" > /dev/null\nif [ $? != 0 ] ; then\n    # print error to STDERR\n    echo \"error: The sandbox is not in sync with the Podfile.lock. Run 'pod install' or update your CocoaPods installation.\" >&2\n    exit 1\nfi\n# This output is used by Xcode 'outputs' to avoid re-running this script phase.\necho \"SUCCESS\" > \"${SCRIPT_OUTPUT_FILE_0}\"\n";
			showEnvVarsInLog = 0;
		};
		C525F6F27716A3975575419A /* [CP] Check Pods Manifest.lock */ = {
			isa = PBXShellScriptBuildPhase;
			buildActionMask = 2147483647;
			files = (
			);
			inputPaths = (
				"${PODS_PODFILE_DIR_PATH}/Podfile.lock",
				"${PODS_ROOT}/Manifest.lock",
			);
			name = "[CP] Check Pods Manifest.lock";
			outputPaths = (
				"$(DERIVED_FILE_DIR)/Pods-KanvasCameraExample-checkManifestLockResult.txt",
			);
			runOnlyForDeploymentPostprocessing = 0;
			shellPath = /bin/sh;
			shellScript = "diff \"${PODS_PODFILE_DIR_PATH}/Podfile.lock\" \"${PODS_ROOT}/Manifest.lock\" > /dev/null\nif [ $? != 0 ] ; then\n    # print error to STDERR\n    echo \"error: The sandbox is not in sync with the Podfile.lock. Run 'pod install' or update your CocoaPods installation.\" >&2\n    exit 1\nfi\n# This output is used by Xcode 'outputs' to avoid re-running this script phase.\necho \"SUCCESS\" > \"${SCRIPT_OUTPUT_FILE_0}\"\n";
			showEnvVarsInLog = 0;
		};
		C7E4F007DFA2D2F5EBF08989 /* [CP] Embed Pods Frameworks */ = {
			isa = PBXShellScriptBuildPhase;
			buildActionMask = 2147483647;
			files = (
			);
			inputFileListPaths = (
				"${PODS_ROOT}/Target Support Files/Pods-KanvasCameraExampleTests/Pods-KanvasCameraExampleTests-frameworks-${CONFIGURATION}-input-files.xcfilelist",
			);
			name = "[CP] Embed Pods Frameworks";
			outputFileListPaths = (
				"${PODS_ROOT}/Target Support Files/Pods-KanvasCameraExampleTests/Pods-KanvasCameraExampleTests-frameworks-${CONFIGURATION}-output-files.xcfilelist",
			);
			runOnlyForDeploymentPostprocessing = 0;
			shellPath = /bin/sh;
			shellScript = "\"${PODS_ROOT}/Target Support Files/Pods-KanvasCameraExampleTests/Pods-KanvasCameraExampleTests-frameworks.sh\"\n";
			showEnvVarsInLog = 0;
		};
/* End PBXShellScriptBuildPhase section */

/* Begin PBXSourcesBuildPhase section */
		AB7F293F2121F02A00B8D599 /* Sources */ = {
			isa = PBXSourcesBuildPhase;
			buildActionMask = 2147483647;
			files = (
				AB7F29492121F02A00B8D599 /* KanvasCameraExampleViewController.swift in Sources */,
				7669F2D322337021003F4CCE /* UIImage+color.swift in Sources */,
				AB7F29472121F02A00B8D599 /* AppDelegate.swift in Sources */,
				0EAE0CB92139EC85004CD7FF /* KanvasCameraAnalyticsStub.swift in Sources */,
			);
			runOnlyForDeploymentPostprocessing = 0;
		};
		AB7F29582121F0ED00B8D599 /* Sources */ = {
			isa = PBXSourcesBuildPhase;
			buildActionMask = 2147483647;
			files = (
				ABE4990C213722D300379F7F /* OptionTests.swift in Sources */,
				0EDE7A3D216425C5009DB00F /* ExtendedButtonTests.swift in Sources */,
				651DEBA92209FC4300476F22 /* RGBATests.swift in Sources */,
				ABE498FB21370DFD00379F7F /* MediaClipTests.swift in Sources */,
				76BC5BAF220CCFF2007A9289 /* ClosedRange+ClampTests.swift in Sources */,
				764AC46C221D84CD005C82EC /* GLPixelBufferViewTests.swift in Sources */,
				0EAE0CB82139EC81004CD7FF /* KanvasCameraAnalyticsStub.swift in Sources */,
				ABE498E62136F22400379F7F /* CameraRecorderStub.swift in Sources */,
				ABE4990121370FAB00379F7F /* MediaClipsEditorViewTests.swift in Sources */,
				0EAE0C89213985E8004CD7FF /* CameraSegmentHandlerStub.swift in Sources */,
				764AC470221D8588005C82EC /* ShaderTests.swift in Sources */,
				0EBE144E2123727800E9D0C8 /* CameraSettingsTests.swift in Sources */,
				ABE49906213712E100379F7F /* OptionsControllerTests.swift in Sources */,
				76BC5BAE220CCFF2007A9289 /* Array+MoveTests.swift in Sources */,
				0EAE0C9921399C86004CD7FF /* CameraViewTests.swift in Sources */,
				0EAE0C8E2139895A004CD7FF /* CameraInputControllerTests.swift in Sources */,
				0EAE0C8221387DE3004CD7FF /* ModeSelectorAndShootViewTests.swift in Sources */,
				652DFA1B22281F00007B1EF5 /* FilterCollectionCellTests.swift in Sources */,
				0EAE0C9B21399ED9004CD7FF /* CameraConstantsTests.swift in Sources */,
				AB7263EF212CCBB30044ED96 /* CameraSegmentHandlerTests.swift in Sources */,
				0EAE0CB12139B966004CD7FF /* CameraPreviewControllerTests.swift in Sources */,
				0E6450B921B5B72B00CB7672 /* IgnoreTouchesCollectionViewTests.swift in Sources */,
				0EDE7A3B216425BD009DB00F /* ExtendedStackViewTests.swift in Sources */,
				764AC46E221D851B005C82EC /* GLRendererTests.swift in Sources */,
				ABE49907213712E100379F7F /* OptionsStackViewTests.swift in Sources */,
				AB7263EA212CC83B0044ED96 /* KanvasCameraImagesTests.swift in Sources */,
				ABE498FC21370DFD00379F7F /* MediaClipsCollectionControllerTests.swift in Sources */,
				651DEBA72209F17400476F22 /* ConicalGradientLayerTests.swift in Sources */,
				AB7263EB212CC83B0044ED96 /* KanvasCameraColorsTests.swift in Sources */,
				0EAE0CB62139D4F2004CD7FF /* CameraControllerTests.swift in Sources */,
				764AC4822223E3CF005C82EC /* FilterFactoryTests.swift in Sources */,
				0EAE0CB42139B9B8004CD7FF /* LoadingIndicatorViewTests.swift in Sources */,
				652DFA1C22281F00007B1EF5 /* FilterCollectionViewTests.swift in Sources */,
				652DFA1922281F00007B1EF5 /* FilterSettingsViewTests.swift in Sources */,
				764AC46A221D84B5005C82EC /* FilterTests.swift in Sources */,
				7669B5A82230E548000D3EB5 /* UIImage+PixelBufferTests.swift in Sources */,
				65C123A02201E13700562856 /* ImagePreviewControllerTests.swift in Sources */,
				652DFA1722281F00007B1EF5 /* FilterCollectionControllerTests.swift in Sources */,
				ABE498D62134AA1C00379F7F /* PhotoOutputHandlerTests.swift in Sources */,
				764AC4802223E07B005C82EC /* FilterInstancesTests.swift in Sources */,
				ABE498FD21370DFD00379F7F /* MediaClipsCollectionCellTests.swift in Sources */,
				ABE498E52136F22400379F7F /* CameraRecorderTests.swift in Sources */,
				ABE498DC2134AEB200379F7F /* VideoOutputHandlerTests.swift in Sources */,
				652DFA1822281F00007B1EF5 /* FilterSettingsControllerTests.swift in Sources */,
				AB7263EC212CC83B0044ED96 /* KanvasCameraTimesTests.swift in Sources */,
				ABE498FA21370DFD00379F7F /* MediaClipsCollectionViewTests.swift in Sources */,
				0EAE0C7E21387C39004CD7FF /* ModeButtonViewTests.swift in Sources */,
				ABFBDE2A212CCF0700E1044C /* CameraSegmentTests.swift in Sources */,
				76826A0E2208E387009C1789 /* UIImage+FlipLeftMirroredTests.swift in Sources */,
				ABE498DA2134AD5700379F7F /* GifVideoOutputHandlerTests.swift in Sources */,
				0EAE0C8121387DE3004CD7FF /* ModeSelectorAndShootControllerTests.swift in Sources */,
				0EAE0CB22139B966004CD7FF /* CameraPreviewViewTests.swift in Sources */,
				652DFA1A22281F00007B1EF5 /* FilterItemTests.swift in Sources */,
				ABE4991F2137307500379F7F /* QueueTests.swift in Sources */,
				764AC467221D8485005C82EC /* FilteredInputViewControllerTests.swift in Sources */,
				ABE4992B21375B3700379F7F /* ShootButtonViewTests.swift in Sources */,
				ABE4991E2137307500379F7F /* IgnoreTouchesViewTests.swift in Sources */,
				ABE49908213712E100379F7F /* OptionViewTests.swift in Sources */,
				ABE4990021370FAB00379F7F /* MediaClipsEditorViewControllerTests.swift in Sources */,
				76E4D0852277976500CF3B35 /* MediaMetadataTests.swift in Sources */,
				764AC476221D86A2005C82EC /* GLUTests.swift in Sources */,
				0E29275F21879C18009E1FCF /* CameraZoomHandlerTests.swift in Sources */,
				AB7263E9212CC83B0044ED96 /* KanvasCameraStringsTests.swift in Sources */,
				0E5CFADE219F283B00D8F6F5 /* DeviceTests.swift in Sources */,
			);
			runOnlyForDeploymentPostprocessing = 0;
		};
/* End PBXSourcesBuildPhase section */

/* Begin PBXTargetDependency section */
		AB7F29622121F0ED00B8D599 /* PBXTargetDependency */ = {
			isa = PBXTargetDependency;
			target = AB7F29422121F02A00B8D599 /* KanvasCameraExample */;
			targetProxy = AB7F29612121F0ED00B8D599 /* PBXContainerItemProxy */;
		};
/* End PBXTargetDependency section */

/* Begin PBXVariantGroup section */
		AB7F294A2121F02B00B8D599 /* Main.storyboard */ = {
			isa = PBXVariantGroup;
			children = (
				AB7F294B2121F02B00B8D599 /* Base */,
			);
			name = Main.storyboard;
			sourceTree = "<group>";
		};
		AB7F294F2121F02C00B8D599 /* LaunchScreen.storyboard */ = {
			isa = PBXVariantGroup;
			children = (
				AB7F29502121F02C00B8D599 /* Base */,
			);
			name = LaunchScreen.storyboard;
			sourceTree = "<group>";
		};
/* End PBXVariantGroup section */

/* Begin XCBuildConfiguration section */
		AB7F29532121F02C00B8D599 /* Debug */ = {
			isa = XCBuildConfiguration;
			buildSettings = {
				ALWAYS_SEARCH_USER_PATHS = NO;
				CLANG_ANALYZER_NONNULL = YES;
				CLANG_ANALYZER_NUMBER_OBJECT_CONVERSION = YES_AGGRESSIVE;
				CLANG_CXX_LANGUAGE_STANDARD = "gnu++14";
				CLANG_CXX_LIBRARY = "libc++";
				CLANG_ENABLE_MODULES = YES;
				CLANG_ENABLE_OBJC_ARC = YES;
				CLANG_ENABLE_OBJC_WEAK = YES;
				CLANG_WARN_BLOCK_CAPTURE_AUTORELEASING = YES;
				CLANG_WARN_BOOL_CONVERSION = YES;
				CLANG_WARN_COMMA = YES;
				CLANG_WARN_CONSTANT_CONVERSION = YES;
				CLANG_WARN_DEPRECATED_OBJC_IMPLEMENTATIONS = YES;
				CLANG_WARN_DIRECT_OBJC_ISA_USAGE = YES_ERROR;
				CLANG_WARN_DOCUMENTATION_COMMENTS = YES;
				CLANG_WARN_EMPTY_BODY = YES;
				CLANG_WARN_ENUM_CONVERSION = YES;
				CLANG_WARN_INFINITE_RECURSION = YES;
				CLANG_WARN_INT_CONVERSION = YES;
				CLANG_WARN_NON_LITERAL_NULL_CONVERSION = YES;
				CLANG_WARN_OBJC_IMPLICIT_RETAIN_SELF = YES;
				CLANG_WARN_OBJC_LITERAL_CONVERSION = YES;
				CLANG_WARN_OBJC_ROOT_CLASS = YES_ERROR;
				CLANG_WARN_RANGE_LOOP_ANALYSIS = YES;
				CLANG_WARN_STRICT_PROTOTYPES = YES;
				CLANG_WARN_SUSPICIOUS_MOVE = YES;
				CLANG_WARN_UNGUARDED_AVAILABILITY = YES_AGGRESSIVE;
				CLANG_WARN_UNREACHABLE_CODE = YES;
				CLANG_WARN__DUPLICATE_METHOD_MATCH = YES;
				CODE_SIGN_IDENTITY = "iPhone Developer";
				COPY_PHASE_STRIP = NO;
				DEBUG_INFORMATION_FORMAT = dwarf;
				ENABLE_STRICT_OBJC_MSGSEND = YES;
				ENABLE_TESTABILITY = YES;
				GCC_C_LANGUAGE_STANDARD = gnu11;
				GCC_DYNAMIC_NO_PIC = NO;
				GCC_NO_COMMON_BLOCKS = YES;
				GCC_OPTIMIZATION_LEVEL = 0;
				GCC_PREPROCESSOR_DEFINITIONS = (
					"DEBUG=1",
					"$(inherited)",
				);
				GCC_WARN_64_TO_32_BIT_CONVERSION = YES;
				GCC_WARN_ABOUT_RETURN_TYPE = YES_ERROR;
				GCC_WARN_UNDECLARED_SELECTOR = YES;
				GCC_WARN_UNINITIALIZED_AUTOS = YES_AGGRESSIVE;
				GCC_WARN_UNUSED_FUNCTION = YES;
				GCC_WARN_UNUSED_VARIABLE = YES;
				IPHONEOS_DEPLOYMENT_TARGET = 11.4;
				MTL_ENABLE_DEBUG_INFO = YES;
				ONLY_ACTIVE_ARCH = YES;
				SDKROOT = iphoneos;
				SWIFT_ACTIVE_COMPILATION_CONDITIONS = DEBUG;
				SWIFT_OPTIMIZATION_LEVEL = "-Onone";
				SWIFT_VERSION = 4.2;
			};
			name = Debug;
		};
		AB7F29542121F02C00B8D599 /* Release */ = {
			isa = XCBuildConfiguration;
			buildSettings = {
				ALWAYS_SEARCH_USER_PATHS = NO;
				CLANG_ANALYZER_NONNULL = YES;
				CLANG_ANALYZER_NUMBER_OBJECT_CONVERSION = YES_AGGRESSIVE;
				CLANG_CXX_LANGUAGE_STANDARD = "gnu++14";
				CLANG_CXX_LIBRARY = "libc++";
				CLANG_ENABLE_MODULES = YES;
				CLANG_ENABLE_OBJC_ARC = YES;
				CLANG_ENABLE_OBJC_WEAK = YES;
				CLANG_WARN_BLOCK_CAPTURE_AUTORELEASING = YES;
				CLANG_WARN_BOOL_CONVERSION = YES;
				CLANG_WARN_COMMA = YES;
				CLANG_WARN_CONSTANT_CONVERSION = YES;
				CLANG_WARN_DEPRECATED_OBJC_IMPLEMENTATIONS = YES;
				CLANG_WARN_DIRECT_OBJC_ISA_USAGE = YES_ERROR;
				CLANG_WARN_DOCUMENTATION_COMMENTS = YES;
				CLANG_WARN_EMPTY_BODY = YES;
				CLANG_WARN_ENUM_CONVERSION = YES;
				CLANG_WARN_INFINITE_RECURSION = YES;
				CLANG_WARN_INT_CONVERSION = YES;
				CLANG_WARN_NON_LITERAL_NULL_CONVERSION = YES;
				CLANG_WARN_OBJC_IMPLICIT_RETAIN_SELF = YES;
				CLANG_WARN_OBJC_LITERAL_CONVERSION = YES;
				CLANG_WARN_OBJC_ROOT_CLASS = YES_ERROR;
				CLANG_WARN_RANGE_LOOP_ANALYSIS = YES;
				CLANG_WARN_STRICT_PROTOTYPES = YES;
				CLANG_WARN_SUSPICIOUS_MOVE = YES;
				CLANG_WARN_UNGUARDED_AVAILABILITY = YES_AGGRESSIVE;
				CLANG_WARN_UNREACHABLE_CODE = YES;
				CLANG_WARN__DUPLICATE_METHOD_MATCH = YES;
				CODE_SIGN_IDENTITY = "iPhone Developer";
				COPY_PHASE_STRIP = NO;
				DEBUG_INFORMATION_FORMAT = "dwarf-with-dsym";
				ENABLE_NS_ASSERTIONS = NO;
				ENABLE_STRICT_OBJC_MSGSEND = YES;
				GCC_C_LANGUAGE_STANDARD = gnu11;
				GCC_NO_COMMON_BLOCKS = YES;
				GCC_WARN_64_TO_32_BIT_CONVERSION = YES;
				GCC_WARN_ABOUT_RETURN_TYPE = YES_ERROR;
				GCC_WARN_UNDECLARED_SELECTOR = YES;
				GCC_WARN_UNINITIALIZED_AUTOS = YES_AGGRESSIVE;
				GCC_WARN_UNUSED_FUNCTION = YES;
				GCC_WARN_UNUSED_VARIABLE = YES;
				IPHONEOS_DEPLOYMENT_TARGET = 11.4;
				MTL_ENABLE_DEBUG_INFO = NO;
				SDKROOT = iphoneos;
				SWIFT_COMPILATION_MODE = wholemodule;
				SWIFT_OPTIMIZATION_LEVEL = "-O";
				SWIFT_VERSION = 4.2;
				VALIDATE_PRODUCT = YES;
			};
			name = Release;
		};
		AB7F29562121F02C00B8D599 /* Debug */ = {
			isa = XCBuildConfiguration;
			baseConfigurationReference = F67459CFA8681ADB0C29FF28 /* Pods-KanvasCameraExample.debug.xcconfig */;
			buildSettings = {
				ASSETCATALOG_COMPILER_APPICON_NAME = AppIcon;
				CODE_SIGN_STYLE = Automatic;
				DEVELOPMENT_TEAM = 84Q69XA6W4;
				INFOPLIST_FILE = KanvasCameraExample/Info.plist;
				IPHONEOS_DEPLOYMENT_TARGET = 11.0;
				LD_RUNPATH_SEARCH_PATHS = (
					"$(inherited)",
					"@executable_path/Frameworks",
				);
				PRODUCT_BUNDLE_IDENTIFIER = com.tumblr.KanvasCameraExample;
				PRODUCT_NAME = "$(TARGET_NAME)";
				SWIFT_VERSION = 4.2;
				TARGETED_DEVICE_FAMILY = "1,2";
			};
			name = Debug;
		};
		AB7F29572121F02C00B8D599 /* Release */ = {
			isa = XCBuildConfiguration;
			baseConfigurationReference = F1F6839B40675658A9EB1A05 /* Pods-KanvasCameraExample.release.xcconfig */;
			buildSettings = {
				ASSETCATALOG_COMPILER_APPICON_NAME = AppIcon;
				CODE_SIGN_STYLE = Automatic;
				DEVELOPMENT_TEAM = 84Q69XA6W4;
				INFOPLIST_FILE = KanvasCameraExample/Info.plist;
				IPHONEOS_DEPLOYMENT_TARGET = 11.0;
				LD_RUNPATH_SEARCH_PATHS = (
					"$(inherited)",
					"@executable_path/Frameworks",
				);
				PRODUCT_BUNDLE_IDENTIFIER = com.tumblr.KanvasCameraExample;
				PRODUCT_NAME = "$(TARGET_NAME)";
				SWIFT_VERSION = 4.2;
				TARGETED_DEVICE_FAMILY = "1,2";
			};
			name = Release;
		};
		AB7F29632121F0ED00B8D599 /* Debug */ = {
			isa = XCBuildConfiguration;
			baseConfigurationReference = 07DDC249DAB2E1FD27A71D49 /* Pods-KanvasCameraExampleTests.debug.xcconfig */;
			buildSettings = {
				BUNDLE_LOADER = "$(TEST_HOST)";
				CODE_SIGN_STYLE = Automatic;
				DEVELOPMENT_TEAM = 84Q69XA6W4;
				INFOPLIST_FILE = KanvasCameraExampleTests/Info.plist;
				LD_RUNPATH_SEARCH_PATHS = (
					"$(inherited)",
					"@executable_path/Frameworks",
					"@loader_path/Frameworks",
				);
				PRODUCT_BUNDLE_IDENTIFIER = com.tumblr.KanvasCameraExampleTests;
				PRODUCT_NAME = "$(TARGET_NAME)";
				SWIFT_VERSION = 4.2;
				TARGETED_DEVICE_FAMILY = "1,2";
				TEST_HOST = "$(BUILT_PRODUCTS_DIR)/KanvasCameraExample.app/KanvasCameraExample";
			};
			name = Debug;
		};
		AB7F29642121F0ED00B8D599 /* Release */ = {
			isa = XCBuildConfiguration;
			baseConfigurationReference = 761E012CE7CCF5C5FED281D1 /* Pods-KanvasCameraExampleTests.release.xcconfig */;
			buildSettings = {
				BUNDLE_LOADER = "$(TEST_HOST)";
				CODE_SIGN_STYLE = Automatic;
				DEVELOPMENT_TEAM = 84Q69XA6W4;
				INFOPLIST_FILE = KanvasCameraExampleTests/Info.plist;
				LD_RUNPATH_SEARCH_PATHS = (
					"$(inherited)",
					"@executable_path/Frameworks",
					"@loader_path/Frameworks",
				);
				PRODUCT_BUNDLE_IDENTIFIER = com.tumblr.KanvasCameraExampleTests;
				PRODUCT_NAME = "$(TARGET_NAME)";
				SWIFT_VERSION = 4.2;
				TARGETED_DEVICE_FAMILY = "1,2";
				TEST_HOST = "$(BUILT_PRODUCTS_DIR)/KanvasCameraExample.app/KanvasCameraExample";
			};
			name = Release;
		};
/* End XCBuildConfiguration section */

/* Begin XCConfigurationList section */
		AB7F293E2121F02A00B8D599 /* Build configuration list for PBXProject "KanvasCameraExample" */ = {
			isa = XCConfigurationList;
			buildConfigurations = (
				AB7F29532121F02C00B8D599 /* Debug */,
				AB7F29542121F02C00B8D599 /* Release */,
			);
			defaultConfigurationIsVisible = 0;
			defaultConfigurationName = Release;
		};
		AB7F29552121F02C00B8D599 /* Build configuration list for PBXNativeTarget "KanvasCameraExample" */ = {
			isa = XCConfigurationList;
			buildConfigurations = (
				AB7F29562121F02C00B8D599 /* Debug */,
				AB7F29572121F02C00B8D599 /* Release */,
			);
			defaultConfigurationIsVisible = 0;
			defaultConfigurationName = Release;
		};
		AB7F29652121F0ED00B8D599 /* Build configuration list for PBXNativeTarget "KanvasCameraExampleTests" */ = {
			isa = XCConfigurationList;
			buildConfigurations = (
				AB7F29632121F0ED00B8D599 /* Debug */,
				AB7F29642121F0ED00B8D599 /* Release */,
			);
			defaultConfigurationIsVisible = 0;
			defaultConfigurationName = Release;
		};
/* End XCConfigurationList section */
	};
	rootObject = AB7F293B2121F02A00B8D599 /* Project object */;
}
