PODS:
  - FBSnapshotTestCase (2.1.4):
    - FBSnapshotTestCase/SwiftSupport (= 2.1.4)
  - FBSnapshotTestCase/Core (2.1.4)
  - FBSnapshotTestCase/SwiftSupport (2.1.4):
    - FBSnapshotTestCase/Core
  - Kanvas (1.2.4)

DEPENDENCIES:
  - FBSnapshotTestCase (= 2.1.4)
  - Kanvas (from `../`)

SPEC REPOS:
  https://github.com/CocoaPods/Specs.git:
    - FBSnapshotTestCase

EXTERNAL SOURCES:
  Kanvas:
    :path: "../"

SPEC CHECKSUMS:
  FBSnapshotTestCase: 094f9f314decbabe373b87cc339bea235a63e07a
  Kanvas: 0e1acb8c10e15eea3365f16c086de2443c7703a8

PODFILE CHECKSUM: 14b28dd726149c0d01dba9154d5bb095d9ba6a18

COCOAPODS: 1.9.3
