PODS:
  - FBSnapshotTestCase (2.1.4):
    - FBSnapshotTestCase/SwiftSupport (= 2.1.4)
  - FBSnapshotTestCase/Core (2.1.4)
  - FBSnapshotTestCase/SwiftSupport (2.1.4):
    - FBSnapshotTestCase/Core
  - Kanvas (1.0.1)

DEPENDENCIES:
  - FBSnapshotTestCase (= 2.1.4)
  - Kanvas (from `../`)

SPEC REPOS:
  https://github.com/CocoaPods/Specs.git:
    - FBSnapshotTestCase

EXTERNAL SOURCES:
  Kanvas:
    :path: "../"

SPEC CHECKSUMS:
  FBSnapshotTestCase: 094f9f314decbabe373b87cc339bea235a63e07a
  Kanvas: 4ee4b05ea199670468c43eda7a51107ea14df48e

PODFILE CHECKSUM: 39525ef5bc2a8e9b830bc7ee55300553eb114b04

COCOAPODS: 1.9.3
