PODS:
  - FBSnapshotTestCase (2.1.4):
    - FBSnapshotTestCase/SwiftSupport (= 2.1.4)
  - FBSnapshotTestCase/Core (2.1.4)
  - FBSnapshotTestCase/SwiftSupport (2.1.4):
    - FBSnapshotTestCase/Core
  - KanvasCamera (0.1.0)

DEPENDENCIES:
  - FBSnapshotTestCase (= 2.1.4)
  - KanvasCamera (from `../`)

SPEC REPOS:
  https://github.com/cocoapods/specs.git:
    - FBSnapshotTestCase

EXTERNAL SOURCES:
  KanvasCamera:
    :path: "../"

SPEC CHECKSUMS:
  FBSnapshotTestCase: 094f9f314decbabe373b87cc339bea235a63e07a
  KanvasCamera: 073931b870ae38dc3972b2ed9537f265a2c79cbf

PODFILE CHECKSUM: d660d2b8b126fa915d709c9b7f6f0ef384125197

COCOAPODS: 1.5.3
