PODS:
  - FBSnapshotTestCase (2.1.4):
    - FBSnapshotTestCase/SwiftSupport (= 2.1.4)
  - FBSnapshotTestCase/Core (2.1.4)
  - FBSnapshotTestCase/SwiftSupport (2.1.4):
    - FBSnapshotTestCase/Core
  - ImageLoader (0.1.0):
    - SDWebImage (= 5.5.2)
    - SDWebImageWebPCoder (= 0.5.0)
  - KanvasCamera (0.1.0):
    - ImageLoader
    - SharedUI
    - TumblrTheme
    - Utils
  - libwebp (1.1.0):
    - libwebp/demux (= 1.1.0)
    - libwebp/mux (= 1.1.0)
    - libwebp/webp (= 1.1.0)
  - libwebp/demux (1.1.0):
    - libwebp/webp
  - libwebp/mux (1.1.0):
    - libwebp/demux
  - libwebp/webp (1.1.0)
  - SDWebImage (5.5.2):
    - SDWebImage/Core (= 5.5.2)
  - SDWebImage/Core (5.5.2)
  - SDWebImageWebPCoder (0.5.0):
    - libwebp (~> 1.0)
    - SDWebImage/Core (~> 5.5)
  - SharedUI (1.0.0):
    - TumblrTheme
  - TumblrTheme (1.0.0):
    - Utils
  - Utils (1.0.0)

DEPENDENCIES:
  - FBSnapshotTestCase (= 2.1.4)
  - ImageLoader (from `../../ImageLoader`)
  - KanvasCamera (from `../`)
  - SharedUI (from `../../SharedUI`)
  - TumblrTheme (from `../../TumblrTheme`)
  - Utils (from `../../Utils`)

SPEC REPOS:
  https://github.com/cocoapods/specs.git:
    - FBSnapshotTestCase
    - libwebp
    - SDWebImage
    - SDWebImageWebPCoder

EXTERNAL SOURCES:
  ImageLoader:
    :path: "../../ImageLoader"
  KanvasCamera:
    :path: "../"
  SharedUI:
    :path: "../../SharedUI"
  TumblrTheme:
    :path: "../../TumblrTheme"
  Utils:
    :path: "../../Utils"

SPEC CHECKSUMS:
  FBSnapshotTestCase: 094f9f314decbabe373b87cc339bea235a63e07a
  ImageLoader: 46387056463b7cbd662d5a031cb214f556793cca
  KanvasCamera: 655b0d0f479e1baf87365c17957b32e88975d0e3
  libwebp: 946cb3063cea9236285f7e9a8505d806d30e07f3
  SDWebImage: 4d5c027c935438f341ed33dbac53ff9f479922ca
  SDWebImageWebPCoder: e7ae855f058e3dcae99696920b6a5d134e9dcddf
  SharedUI: 4f52755920cdc9c21a910d013ebedebec3b0c95d
  TumblrTheme: 0d7d24e72e87184f0cfa2cb315e524701c09d436
  Utils: d6e32f8b5f9a5879632eb30001e336d97c8a43f2

PODFILE CHECKSUM: 4c1f94d4691efc45799e4d5049b580eaa7c2887e

COCOAPODS: 1.7.5
